
Microsoft Visual Studio Solution File, Format Version 12.00
# Visual Studio Version 16
VisualStudioVersion = 16.0.30503.244
MinimumVisualStudioVersion = 10.0.40219.1
Project("{FAE04EC0-301F-11D3-BF4B-00C04F79EFBC}") = "RUAP_LV4", "RUAP_LV4\RUAP_LV4.csproj", "{277D13DA-6C60-40E5-B8AF-03CCE501C3F4}"
EndProject
Global
	GlobalSection(SolutionConfigurationPlatforms) = preSolution
		Debug|Any CPU = Debug|Any CPU
		Release|Any CPU = Release|Any CPU
	EndGlobalSection
	GlobalSection(ProjectConfigurationPlatforms) = postSolution
		{277D13DA-6C60-40E5-B8AF-03CCE501C3F4}.Debug|Any CPU.ActiveCfg = Debug|Any CPU
		{277D13DA-6C60-40E5-B8AF-03CCE501C3F4}.Debug|Any CPU.Build.0 = Debug|Any CPU
		{277D13DA-6C60-40E5-B8AF-03CCE501C3F4}.Release|Any CPU.ActiveCfg = Release|Any CPU
		{277D13DA-6C60-40E5-B8AF-03CCE501C3F4}.Release|Any CPU.Build.0 = Release|Any CPU
	EndGlobalSection
	GlobalSection(SolutionProperties) = preSolution
		HideSolutionNode = FALSE
	EndGlobalSection
	GlobalSection(ExtensibilityGlobals) = postSolution
		SolutionGuid = {1FB041C1-40BE-45ED-8936-F24E9D3C8242}
	EndGlobalSection
EndGlobal
